{
  "name": "prepros-project",
  "version": "1.0.0",
  "lockfileVersion": 1,
  "requires": true,
  "dependencies": {
    "@cz-nic/django-fido": {
      "version": "1.2.1",
      "resolved": "https://registry.npmjs.org/@cz-nic/django-fido/-/django-fido-1.2.1.tgz",
      "integrity": "sha512-/0V77c5YAcLab475u4oFCdQwCmnnxNsYa+zWcdV1+0nG+eAFr0Xgc+O2RGJ4JicK07vDjTO2+EKX87HyipN2gw==",
      "dev": true
    },
    "prettier-plugin-django-alpine": {
      "version": "1.2.6",
      "resolved": "https://registry.npmjs.org/prettier-plugin-django-alpine/-/prettier-plugin-django-alpine-1.2.6.tgz",
      "integrity": "sha512-d4JfAtkK78dN8RcI0pD5RKs9Jgcz8NHWDqpCk5FVBO4pPlpG5iYJWRVoeYx4jycI123u9t0PhjKKdtyxAeoQlQ=="
    }
  }
}
